
Microsoft Visual Studio Solution File, Format Version 12.00
# Visual Studio Version 16
VisualStudioVersion = 16.0.31410.357
MinimumVisualStudioVersion = 10.0.40219.1
Project("{8BC9CEB8-8B4A-11D0-8D11-00A0C91BC942}") = "API", "API\API.vcxproj", "{64B407F1-18C1-48BB-AD73-8D452BFF24EE}"
EndProject
Project("{8BC9CEB8-8B4A-11D0-8D11-00A0C91BC942}") = "Communication", "Communication\Communication.vcxproj", "{1A94F4E5-D09D-449C-BF8D-13E978AC7CFA}"
EndProject
Project("{2150E333-8FDC-42A3-9474-1A3956D46DE8}") = "thuai", "thuai", "{E094BF4B-EBD5-4951-BB25-00D7779BDEE1}"
EndProject
Project("{2150E333-8FDC-42A3-9474-1A3956D46DE8}") = "include", "include", "{15044D05-5747-4FF9-A2B3-98928065E46D}"
	ProjectSection(SolutionItems) = preProject
		thuai\include\concurrent_queue.hpp = thuai\include\concurrent_queue.hpp
	EndProjectSection
EndProject
Global
	GlobalSection(SolutionConfigurationPlatforms) = preSolution
		Debug|x64 = Debug|x64
		Debug|x86 = Debug|x86
		Release|x64 = Release|x64
		Release|x86 = Release|x86
	EndGlobalSection
	GlobalSection(ProjectConfigurationPlatforms) = postSolution
		{64B407F1-18C1-48BB-AD73-8D452BFF24EE}.Debug|x64.ActiveCfg = Debug|x64
		{64B407F1-18C1-48BB-AD73-8D452BFF24EE}.Debug|x64.Build.0 = Debug|x64
		{64B407F1-18C1-48BB-AD73-8D452BFF24EE}.Debug|x86.ActiveCfg = Debug|Win32
		{64B407F1-18C1-48BB-AD73-8D452BFF24EE}.Debug|x86.Build.0 = Debug|Win32
		{64B407F1-18C1-48BB-AD73-8D452BFF24EE}.Release|x64.ActiveCfg = Release|x64
		{64B407F1-18C1-48BB-AD73-8D452BFF24EE}.Release|x64.Build.0 = Release|x64
		{64B407F1-18C1-48BB-AD73-8D452BFF24EE}.Release|x86.ActiveCfg = Release|Win32
		{64B407F1-18C1-48BB-AD73-8D452BFF24EE}.Release|x86.Build.0 = Release|Win32
		{1A94F4E5-D09D-449C-BF8D-13E978AC7CFA}.Debug|x64.ActiveCfg = Debug|x64
		{1A94F4E5-D09D-449C-BF8D-13E978AC7CFA}.Debug|x64.Build.0 = Debug|x64
		{1A94F4E5-D09D-449C-BF8D-13E978AC7CFA}.Debug|x86.ActiveCfg = Debug|Win32
		{1A94F4E5-D09D-449C-BF8D-13E978AC7CFA}.Debug|x86.Build.0 = Debug|Win32
		{1A94F4E5-D09D-449C-BF8D-13E978AC7CFA}.Release|x64.ActiveCfg = Release|x64
		{1A94F4E5-D09D-449C-BF8D-13E978AC7CFA}.Release|x64.Build.0 = Release|x64
		{1A94F4E5-D09D-449C-BF8D-13E978AC7CFA}.Release|x86.ActiveCfg = Release|Win32
		{1A94F4E5-D09D-449C-BF8D-13E978AC7CFA}.Release|x86.Build.0 = Release|Win32
	EndGlobalSection
	GlobalSection(SolutionProperties) = preSolution
		HideSolutionNode = FALSE
	EndGlobalSection
	GlobalSection(NestedProjects) = preSolution
		{15044D05-5747-4FF9-A2B3-98928065E46D} = {E094BF4B-EBD5-4951-BB25-00D7779BDEE1}
	EndGlobalSection
	GlobalSection(ExtensibilityGlobals) = postSolution
		SolutionGuid = {51F01ECB-36E0-47EA-99AC-AF0985134039}
	EndGlobalSection
EndGlobal
