
Microsoft Visual Studio Solution File, Format Version 12.00
# Visual Studio Version 16
VisualStudioVersion = 16.0.32228.343
MinimumVisualStudioVersion = 10.0.40219.1
Project("{FAE04EC0-301F-11D3-BF4B-00C04F79EFBC}") = "MapGenerator", "MapGenerator.csproj", "{AE7212C2-9F3B-4FB4-8DC7-46B4B7015D22}"
EndProject
Global
	GlobalSection(SolutionConfigurationPlatforms) = preSolution
		Debug|Any CPU = Debug|Any CPU
		Release|Any CPU = Release|Any CPU
	EndGlobalSection
	GlobalSection(ProjectConfigurationPlatforms) = postSolution
		{AE7212C2-9F3B-4FB4-8DC7-46B4B7015D22}.Debug|Any CPU.ActiveCfg = Debug|Any CPU
		{AE7212C2-9F3B-4FB4-8DC7-46B4B7015D22}.Debug|Any CPU.Build.0 = Debug|Any CPU
		{AE7212C2-9F3B-4FB4-8DC7-46B4B7015D22}.Release|Any CPU.ActiveCfg = Release|Any CPU
		{AE7212C2-9F3B-4FB4-8DC7-46B4B7015D22}.Release|Any CPU.Build.0 = Release|Any CPU
	EndGlobalSection
	GlobalSection(SolutionProperties) = preSolution
		HideSolutionNode = FALSE
	EndGlobalSection
	GlobalSection(ExtensibilityGlobals) = postSolution
		SolutionGuid = {DA0A8C29-317C-47B1-B774-A2BDF9652DFA}
	EndGlobalSection
EndGlobal
