Microsoft Visual Studio Solution File, Format Version 12.00
# Visual Studio Version 16
VisualStudioVersion = 16.0.31410.357
MinimumVisualStudioVersion = 10.0.40219.1
Project("{9A19103F-16F7-4668-BE54-9A1E7A4F7556}") = "Server", "Server\Server.csproj", "{5B5FD8F7-1B73-4189-8AEF-48B3ED077ADB}"
EndProject
Project("{9A19103F-16F7-4668-BE54-9A1E7A4F7556}") = "Preparation", "Preparation\Preparation.csproj", "{84B5D876-B6DE-499C-9EF2-D924FDC984B2}"
EndProject
Project("{9A19103F-16F7-4668-BE54-9A1E7A4F7556}") = "GameEngine", "GameEngine\GameEngine.csproj", "{C1CEF591-E65C-4E16-A369-F5F9EA46F978}"
EndProject
Project("{2150E333-8FDC-42A3-9474-1A3956D46DE8}") = "solution items", "solution items", "{E1F2C27D-FEDC-4019-9BDC-FEBF43654E3B}"
	ProjectSection(SolutionItems) = preProject
		.editorconfig = .editorconfig
	EndProjectSection
EndProject
Project("{9A19103F-16F7-4668-BE54-9A1E7A4F7556}") = "FrameRateTask", "FrameRateTask\FrameRateTask.csproj", "{1307F310-A240-4E10-ACB2-5F187D70F74D}"
EndProject
Project("{2150E333-8FDC-42A3-9474-1A3956D46DE8}") = "solution items", "solution items", "{E1F2C27D-FEDC-4019-9BDC-FEBF43654E3B}"
	ProjectSection(SolutionItems) = preProject
		.editorconfig = .editorconfig
	EndProjectSection
EndProject
Project("{9A19103F-16F7-4668-BE54-9A1E7A4F7556}") = "GameClass", "GameClass\GameClass.csproj", "{C46AFFCE-AC47-480B-A823-C1DB948AAE8D}"
EndProject
Project("{9A19103F-16F7-4668-BE54-9A1E7A4F7556}") = "Gaming", "Gaming\Gaming.csproj", "{899D4146-B923-4C7D-A39E-F4D6372CF2C8}"
EndProject
Project("{9A19103F-16F7-4668-BE54-9A1E7A4F7556}") = "Client", "Client\Client.csproj", "{BDCAFA75-56F1-4892-B89C-4727A6D28A27}"
EndProject
Project("{9A19103F-16F7-4668-BE54-9A1E7A4F7556}") = "ServerCommunication", "..\communication\ServerCommunication\ServerCommunication.csproj", "{BCD05028-36F3-44F5-812B-805DCF53F28F}"
EndProject
Project("{9A19103F-16F7-4668-BE54-9A1E7A4F7556}") = "ClientCommunication", "..\communication\ClientCommunication\ClientCommunication.csproj", "{AEF527D4-D34E-4092-842D-86ECAF82C063}"
EndProject
Project("{9A19103F-16F7-4668-BE54-9A1E7A4F7556}") = "Proto", "..\communication\Proto\Proto.csproj", "{24F55F75-5BA5-4463-AE19-D14666391BAA}"
EndProject
Global
	GlobalSection(SolutionConfigurationPlatforms) = preSolution
		Debug|Any CPU = Debug|Any CPU
		Release|Any CPU = Release|Any CPU
	EndGlobalSection
	GlobalSection(ProjectConfigurationPlatforms) = postSolution
		{5B5FD8F7-1B73-4189-8AEF-48B3ED077ADB}.Debug|Any CPU.ActiveCfg = Debug|Any CPU
		{5B5FD8F7-1B73-4189-8AEF-48B3ED077ADB}.Debug|Any CPU.Build.0 = Debug|Any CPU
		{5B5FD8F7-1B73-4189-8AEF-48B3ED077ADB}.Release|Any CPU.ActiveCfg = Release|Any CPU
		{5B5FD8F7-1B73-4189-8AEF-48B3ED077ADB}.Release|Any CPU.Build.0 = Release|Any CPU
		{84B5D876-B6DE-499C-9EF2-D924FDC984B2}.Debug|Any CPU.ActiveCfg = Debug|Any CPU
		{84B5D876-B6DE-499C-9EF2-D924FDC984B2}.Debug|Any CPU.Build.0 = Debug|Any CPU
		{84B5D876-B6DE-499C-9EF2-D924FDC984B2}.Release|Any CPU.ActiveCfg = Release|Any CPU
		{84B5D876-B6DE-499C-9EF2-D924FDC984B2}.Release|Any CPU.Build.0 = Release|Any CPU
		{C1CEF591-E65C-4E16-A369-F5F9EA46F978}.Debug|Any CPU.ActiveCfg = Debug|Any CPU
		{C1CEF591-E65C-4E16-A369-F5F9EA46F978}.Debug|Any CPU.Build.0 = Debug|Any CPU
		{C1CEF591-E65C-4E16-A369-F5F9EA46F978}.Release|Any CPU.ActiveCfg = Release|Any CPU
		{C1CEF591-E65C-4E16-A369-F5F9EA46F978}.Release|Any CPU.Build.0 = Release|Any CPU
		{1307F310-A240-4E10-ACB2-5F187D70F74D}.Debug|Any CPU.ActiveCfg = Debug|Any CPU
		{1307F310-A240-4E10-ACB2-5F187D70F74D}.Debug|Any CPU.Build.0 = Debug|Any CPU
		{1307F310-A240-4E10-ACB2-5F187D70F74D}.Release|Any CPU.ActiveCfg = Release|Any CPU
		{1307F310-A240-4E10-ACB2-5F187D70F74D}.Release|Any CPU.Build.0 = Release|Any CPU
		{C46AFFCE-AC47-480B-A823-C1DB948AAE8D}.Debug|Any CPU.ActiveCfg = Debug|Any CPU
		{C46AFFCE-AC47-480B-A823-C1DB948AAE8D}.Debug|Any CPU.Build.0 = Debug|Any CPU
		{C46AFFCE-AC47-480B-A823-C1DB948AAE8D}.Release|Any CPU.ActiveCfg = Release|Any CPU
		{C46AFFCE-AC47-480B-A823-C1DB948AAE8D}.Release|Any CPU.Build.0 = Release|Any CPU
		{899D4146-B923-4C7D-A39E-F4D6372CF2C8}.Debug|Any CPU.ActiveCfg = Debug|Any CPU
		{899D4146-B923-4C7D-A39E-F4D6372CF2C8}.Debug|Any CPU.Build.0 = Debug|Any CPU
		{899D4146-B923-4C7D-A39E-F4D6372CF2C8}.Release|Any CPU.ActiveCfg = Release|Any CPU
		{899D4146-B923-4C7D-A39E-F4D6372CF2C8}.Release|Any CPU.Build.0 = Release|Any CPU
		{BDCAFA75-56F1-4892-B89C-4727A6D28A27}.Debug|Any CPU.ActiveCfg = Debug|Any CPU
		{BDCAFA75-56F1-4892-B89C-4727A6D28A27}.Debug|Any CPU.Build.0 = Debug|Any CPU
		{BDCAFA75-56F1-4892-B89C-4727A6D28A27}.Release|Any CPU.ActiveCfg = Release|Any CPU
		{BDCAFA75-56F1-4892-B89C-4727A6D28A27}.Release|Any CPU.Build.0 = Release|Any CPU
		{BCD05028-36F3-44F5-812B-805DCF53F28F}.Debug|Any CPU.ActiveCfg = Debug|Any CPU
		{BCD05028-36F3-44F5-812B-805DCF53F28F}.Debug|Any CPU.Build.0 = Debug|Any CPU
		{BCD05028-36F3-44F5-812B-805DCF53F28F}.Release|Any CPU.ActiveCfg = Release|Any CPU
		{BCD05028-36F3-44F5-812B-805DCF53F28F}.Release|Any CPU.Build.0 = Release|Any CPU
		{AEF527D4-D34E-4092-842D-86ECAF82C063}.Debug|Any CPU.ActiveCfg = Debug|Any CPU
		{AEF527D4-D34E-4092-842D-86ECAF82C063}.Debug|Any CPU.Build.0 = Debug|Any CPU
		{AEF527D4-D34E-4092-842D-86ECAF82C063}.Release|Any CPU.ActiveCfg = Release|Any CPU
		{AEF527D4-D34E-4092-842D-86ECAF82C063}.Release|Any CPU.Build.0 = Release|Any CPU
		{24F55F75-5BA5-4463-AE19-D14666391BAA}.Debug|Any CPU.ActiveCfg = Debug|Any CPU
		{24F55F75-5BA5-4463-AE19-D14666391BAA}.Debug|Any CPU.Build.0 = Debug|Any CPU
		{24F55F75-5BA5-4463-AE19-D14666391BAA}.Release|Any CPU.ActiveCfg = Release|Any CPU
		{24F55F75-5BA5-4463-AE19-D14666391BAA}.Release|Any CPU.Build.0 = Release|Any CPU
	EndGlobalSection
	GlobalSection(SolutionProperties) = preSolution
		HideSolutionNode = FALSE
	EndGlobalSection
	GlobalSection(ExtensibilityGlobals) = postSolution
		SolutionGuid = {0B9CB4B2-0B0F-4118-B632-B82FABAFC013}
	EndGlobalSection
EndGlobal
