
Microsoft Visual Studio Solution File, Format Version 12.00
# Visual Studio Version 16
VisualStudioVersion = 16.0.31410.357
MinimumVisualStudioVersion = 10.0.40219.1
Project("{FAE04EC0-301F-11D3-BF4B-00C04F79EFBC}") = "ServerCommunication", "ServerCommunication\ServerCommunication.csproj", "{AEB42C91-D02A-4B6E-8E5B-9C40D3C971B0}"
EndProject
Project("{FAE04EC0-301F-11D3-BF4B-00C04F79EFBC}") = "ClientCommunication", "ClientCommunication\ClientCommunication.csproj", "{651C84ED-54D5-46FF-89F3-B7D7E4398BED}"
EndProject
Global
	GlobalSection(SolutionConfigurationPlatforms) = preSolution
		Debug|Any CPU = Debug|Any CPU
		Release|Any CPU = Release|Any CPU
	EndGlobalSection
	GlobalSection(ProjectConfigurationPlatforms) = postSolution
		{AEB42C91-D02A-4B6E-8E5B-9C40D3C971B0}.Debug|Any CPU.ActiveCfg = Debug|Any CPU
		{AEB42C91-D02A-4B6E-8E5B-9C40D3C971B0}.Debug|Any CPU.Build.0 = Debug|Any CPU
		{AEB42C91-D02A-4B6E-8E5B-9C40D3C971B0}.Release|Any CPU.ActiveCfg = Release|Any CPU
		{AEB42C91-D02A-4B6E-8E5B-9C40D3C971B0}.Release|Any CPU.Build.0 = Release|Any CPU
		{651C84ED-54D5-46FF-89F3-B7D7E4398BED}.Debug|Any CPU.ActiveCfg = Debug|Any CPU
		{651C84ED-54D5-46FF-89F3-B7D7E4398BED}.Debug|Any CPU.Build.0 = Debug|Any CPU
		{651C84ED-54D5-46FF-89F3-B7D7E4398BED}.Release|Any CPU.ActiveCfg = Release|Any CPU
		{651C84ED-54D5-46FF-89F3-B7D7E4398BED}.Release|Any CPU.Build.0 = Release|Any CPU
	EndGlobalSection
	GlobalSection(SolutionProperties) = preSolution
		HideSolutionNode = FALSE
	EndGlobalSection
	GlobalSection(ExtensibilityGlobals) = postSolution
		SolutionGuid = {EE02F54C-7ED6-4AD4-AF86-974100DC86B9}
	EndGlobalSection
EndGlobal
