
Microsoft Visual Studio Solution File, Format Version 12.00
# Visual Studio Version 16
VisualStudioVersion = 16.0.31410.357
MinimumVisualStudioVersion = 10.0.40219.1
Project("{9A19103F-16F7-4668-BE54-9A1E7A4F7556}") = "ServerCommunication", "ServerCommunication\ServerCommunication.csproj", "{AEB42C91-D02A-4B6E-8E5B-9C40D3C971B0}"
EndProject
Project("{9A19103F-16F7-4668-BE54-9A1E7A4F7556}") = "ClientCommunication", "ClientCommunication\ClientCommunication.csproj", "{651C84ED-54D5-46FF-89F3-B7D7E4398BED}"
EndProject
Project("{FAE04EC0-301F-11D3-BF4B-00C04F79EFBC}") = "ServerTest", "ServerTest\ServerTest.csproj", "{5CADE3CF-660B-4F91-81C6-E52B7AB510C2}"
EndProject
Project("{FAE04EC0-301F-11D3-BF4B-00C04F79EFBC}") = "ClientTest", "ClientTest\ClientTest.csproj", "{5A55D603-DEDB-4EF6-8E2E-C51932290ED9}"
EndProject
Project("{FAE04EC0-301F-11D3-BF4B-00C04F79EFBC}") = "Proto", "Proto\Proto.csproj", "{4832A9D9-5233-474F-9AB2-97EE178DA262}"
EndProject
Global
	GlobalSection(SolutionConfigurationPlatforms) = preSolution
		Debug|Any CPU = Debug|Any CPU
		Release|Any CPU = Release|Any CPU
	EndGlobalSection
	GlobalSection(ProjectConfigurationPlatforms) = postSolution
		{AEB42C91-D02A-4B6E-8E5B-9C40D3C971B0}.Debug|Any CPU.ActiveCfg = Debug|Any CPU
		{AEB42C91-D02A-4B6E-8E5B-9C40D3C971B0}.Debug|Any CPU.Build.0 = Debug|Any CPU
		{AEB42C91-D02A-4B6E-8E5B-9C40D3C971B0}.Release|Any CPU.ActiveCfg = Release|Any CPU
		{AEB42C91-D02A-4B6E-8E5B-9C40D3C971B0}.Release|Any CPU.Build.0 = Release|Any CPU
		{651C84ED-54D5-46FF-89F3-B7D7E4398BED}.Debug|Any CPU.ActiveCfg = Debug|Any CPU
		{651C84ED-54D5-46FF-89F3-B7D7E4398BED}.Debug|Any CPU.Build.0 = Debug|Any CPU
		{651C84ED-54D5-46FF-89F3-B7D7E4398BED}.Release|Any CPU.ActiveCfg = Release|Any CPU
		{651C84ED-54D5-46FF-89F3-B7D7E4398BED}.Release|Any CPU.Build.0 = Release|Any CPU
		{5CADE3CF-660B-4F91-81C6-E52B7AB510C2}.Debug|Any CPU.ActiveCfg = Debug|Any CPU
		{5CADE3CF-660B-4F91-81C6-E52B7AB510C2}.Debug|Any CPU.Build.0 = Debug|Any CPU
		{5CADE3CF-660B-4F91-81C6-E52B7AB510C2}.Release|Any CPU.ActiveCfg = Release|Any CPU
		{5CADE3CF-660B-4F91-81C6-E52B7AB510C2}.Release|Any CPU.Build.0 = Release|Any CPU
		{5A55D603-DEDB-4EF6-8E2E-C51932290ED9}.Debug|Any CPU.ActiveCfg = Debug|Any CPU
		{5A55D603-DEDB-4EF6-8E2E-C51932290ED9}.Debug|Any CPU.Build.0 = Debug|Any CPU
		{5A55D603-DEDB-4EF6-8E2E-C51932290ED9}.Release|Any CPU.ActiveCfg = Release|Any CPU
		{5A55D603-DEDB-4EF6-8E2E-C51932290ED9}.Release|Any CPU.Build.0 = Release|Any CPU
		{4832A9D9-5233-474F-9AB2-97EE178DA262}.Debug|Any CPU.ActiveCfg = Debug|Any CPU
		{4832A9D9-5233-474F-9AB2-97EE178DA262}.Debug|Any CPU.Build.0 = Debug|Any CPU
		{4832A9D9-5233-474F-9AB2-97EE178DA262}.Release|Any CPU.ActiveCfg = Release|Any CPU
		{4832A9D9-5233-474F-9AB2-97EE178DA262}.Release|Any CPU.Build.0 = Release|Any CPU
	EndGlobalSection
	GlobalSection(SolutionProperties) = preSolution
		HideSolutionNode = FALSE
	EndGlobalSection
	GlobalSection(ExtensibilityGlobals) = postSolution
		SolutionGuid = {EE02F54C-7ED6-4AD4-AF86-974100DC86B9}
	EndGlobalSection
EndGlobal
